{
    "_meta": {
        "hash": {
            "sha256": "6459352632be4d85501166eb2d2859571b85fb38e8a18c8af13afd11f04357f8"
        },
        "pipfile-spec": 6,
        "requires": {
            "python_version": "3.7"
        },
        "sources": [
            {
                "name": "pypi",
                "url": "https://pypi.org/simple",
                "verify_ssl": true
            }
        ]
    },
    "default": {
        "ailment": {
            "hashes": [
                "sha256:1fc110705f9dd1cfeca66876fbd87fbecea005a1d35554492c45052a2d5aa652"
            ],
            "version": "==8.20.1.7"
        },
        "angr": {
            "hashes": [
                "sha256:5d67bcd9579a4e3ec8298f91d5543301cc93f148ce9d57095c3302063c66aa67",
                "sha256:c15ba5f9a696a9159c7f4447fea15b504244c62adfee3ae20822f59f21a9816d",
                "sha256:cb2bdcf21788281b4271a6934206b9dc9049a156b9989a4518ff1fe5aaa9b4a3",
                "sha256:f4811665c0dff552d4e053b5d39db9fa8792680e2302ed13e3b9ec0d5e63ccb9",
                "sha256:f6c67806240b5ee5e309ec7565ef756107afb11f62d5424e474e0b0cc0637cea"
            ],
            "index": "pypi",
            "version": "==8.20.1.7"
        },
        "archinfo": {
            "hashes": [
                "sha256:fc0cf661c7c416701cc0947566ad162823dd4ed8039619201f854887dcc6709a"
            ],
            "version": "==8.20.1.7"
        },
        "bitstring": {
            "hashes": [
                "sha256:7b60b0c300d0d3d0a24ec84abfda4b0eaed3dc56dc90f6cbfe497166c9ad8443",
                "sha256:c97a8e2a136e99b523b27da420736ae5cb68f83519d633794a6a11192f69f8bf",
                "sha256:e392819965e7e0246e3cf6a51d5a54e731890ae03ebbfa3cd0e4f74909072096"
            ],
            "version": "==3.1.6"
        },
        "cachetools": {
            "hashes": [
                "sha256:1d057645db16ca7fe1f3bd953558897603d6f0b9c51ed9d11eb4d071ec4e2aab",
                "sha256:de5d88f87781602201cde465d3afe837546663b168e8b39df67411b0bf10cefc"
            ],
            "version": "==4.1.0"
        },
        "capstone": {
            "hashes": [
                "sha256:5857accc0de1e769b0ec0a0ca985715bfa96e5a66a2ebb3aaed43a8e3655377f",
                "sha256:5d97df74a8ffdd02706bc67155b7d41dd3ca8ff2caa034f8e54b99044b96037e",
                "sha256:a85763eccae63c3b7a1123a17afcda03303771b18db38a44453055ff360edd94",
                "sha256:dae578f97b24212fb97a5c833342e56c69e7fb71502187a0b51a4326381e4204",
                "sha256:ee7f55aa4326b1e345b1fb28d1b0798974503e914b006cc9806431e8c3e95549"
            ],
            "version": "==4.0.1"
        },
        "cffi": {
            "hashes": [
                "sha256:001bf3242a1bb04d985d63e138230802c6c8d4db3668fb545fb5005ddf5bb5ff",
                "sha256:00789914be39dffba161cfc5be31b55775de5ba2235fe49aa28c148236c4e06b",
                "sha256:028a579fc9aed3af38f4892bdcc7390508adabc30c6af4a6e4f611b0c680e6ac",
                "sha256:14491a910663bf9f13ddf2bc8f60562d6bc5315c1f09c704937ef17293fb85b0",
                "sha256:1cae98a7054b5c9391eb3249b86e0e99ab1e02bb0cc0575da191aedadbdf4384",
                "sha256:2089ed025da3919d2e75a4d963d008330c96751127dd6f73c8dc0c65041b4c26",
                "sha256:2d384f4a127a15ba701207f7639d94106693b6cd64173d6c8988e2c25f3ac2b6",
                "sha256:337d448e5a725bba2d8293c48d9353fc68d0e9e4088d62a9571def317797522b",
                "sha256:399aed636c7d3749bbed55bc907c3288cb43c65c4389964ad5ff849b6370603e",
                "sha256:3b911c2dbd4f423b4c4fcca138cadde747abdb20d196c4a48708b8a2d32b16dd",
                "sha256:3d311bcc4a41408cf5854f06ef2c5cab88f9fded37a3b95936c9879c1640d4c2",
                "sha256:62ae9af2d069ea2698bf536dcfe1e4eed9090211dbaafeeedf5cb6c41b352f66",
                "sha256:66e41db66b47d0d8672d8ed2708ba91b2f2524ece3dee48b5dfb36be8c2f21dc",
                "sha256:675686925a9fb403edba0114db74e741d8181683dcf216be697d208857e04ca8",
                "sha256:7e63cbcf2429a8dbfe48dcc2322d5f2220b77b2e17b7ba023d6166d84655da55",
                "sha256:8a6c688fefb4e1cd56feb6c511984a6c4f7ec7d2a1ff31a10254f3c817054ae4",
                "sha256:8c0ffc886aea5df6a1762d0019e9cb05f825d0eec1f520c51be9d198701daee5",
                "sha256:95cd16d3dee553f882540c1ffe331d085c9e629499ceadfbda4d4fde635f4b7d",
                "sha256:99f748a7e71ff382613b4e1acc0ac83bf7ad167fb3802e35e90d9763daba4d78",
                "sha256:b8c78301cefcf5fd914aad35d3c04c2b21ce8629b5e4f4e45ae6812e461910fa",
                "sha256:c420917b188a5582a56d8b93bdd8e0f6eca08c84ff623a4c16e809152cd35793",
                "sha256:c43866529f2f06fe0edc6246eb4faa34f03fe88b64a0a9a942561c8e22f4b71f",
                "sha256:cab50b8c2250b46fe738c77dbd25ce017d5e6fb35d3407606e7a4180656a5a6a",
                "sha256:cef128cb4d5e0b3493f058f10ce32365972c554572ff821e175dbc6f8ff6924f",
                "sha256:cf16e3cf6c0a5fdd9bc10c21687e19d29ad1fe863372b5543deaec1039581a30",
                "sha256:e56c744aa6ff427a607763346e4170629caf7e48ead6921745986db3692f987f",
                "sha256:e577934fc5f8779c554639376beeaa5657d54349096ef24abe8c74c5d9c117c3",
                "sha256:f2b0fa0c01d8a0c7483afd9f31d7ecf2d71760ca24499c8697aeb5ca37dc090c"
            ],
            "version": "==1.14.0"
        },
        "claripy": {
            "hashes": [
                "sha256:cfdc3e33560eb639e7188f44e316fe8515d47a21f5720d3acd29c5c65bc44f14"
            ],
            "version": "==8.20.1.7"
        },
        "cle": {
            "hashes": [
                "sha256:56909340143c929c1388f10bf6ca8b8ac731d586a679e0a9a75edad84af86e06"
            ],
            "version": "==8.20.1.7"
        },
        "decorator": {
            "hashes": [
                "sha256:41fa54c2a0cc4ba648be4fd43cff00aedf5b9465c9bf18d64325bc225f08f760",
                "sha256:e3a62f0520172440ca0dcc823749319382e377f37f140a0b99ef45fecb84bfe7"
            ],
            "version": "==4.4.2"
        },
        "dpkt": {
            "hashes": [
                "sha256:472c8fbf992f913cee2760fed8fb4253a600d7fb2210c793e2c0c0c23eb3b629",
                "sha256:52a92ecd5ca04d5bd852bb11cb2eac4bbe38b42a7c472e0d950eeb9f82a81e54"
            ],
            "version": "==1.9.2"
        },
        "future": {
            "hashes": [
                "sha256:b1bead90b70cf6ec3f0710ae53a525360fa360d306a86583adc6bf83a4db537d"
            ],
            "version": "==0.18.2"
        },
        "gitdb": {
            "hashes": [
                "sha256:6f0ecd46f99bb4874e5678d628c3a198e2b4ef38daea2756a2bfd8df7dd5c1a5",
                "sha256:ba1132c0912e8c917aa8aa990bee26315064c7b7f171ceaaac0afeb1dc656c6a"
            ],
            "version": "==4.0.4"
        },
        "gitpython": {
            "hashes": [
                "sha256:6d4f10e2aaad1864bb0f17ec06a2c2831534140e5883c350d58b4e85189dab74",
                "sha256:71b8dad7409efbdae4930f2b0b646aaeccce292484ffa0bc74f1195582578b3d"
            ],
            "version": "==3.1.1"
        },
        "itanium-demangler": {
            "hashes": [
                "sha256:bca0fae4cb0ad582a3c7ede97d66b325d13445fdf87c28947233d8559430967c"
            ],
            "version": "==1.0"
        },
        "minidump": {
            "hashes": [
                "sha256:520b0ec96ae182b4b964bc46384eec67d6b01ce086cda10087d729c28f1331c6",
                "sha256:f16866f33aff6db344c8fe33d63b0795de07b089f9780ff06d793cc52b53996c"
            ],
            "version": "==0.0.10"
        },
        "mulpyplexer": {
            "hashes": [
                "sha256:ca930b229e21fe0ed259788e2d871eb13e54d17e29d7f25347573ae87768c5fe"
            ],
            "version": "==0.8"
        },
        "networkx": {
            "hashes": [
                "sha256:cdfbf698749a5014bf2ed9db4a07a5295df1d3a53bf80bf3cbd61edf9df05fa1",
                "sha256:f8f4ff0b6f96e4f9b16af6b84622597b5334bf9cae8cf9b2e42e7985d5c95c64"
            ],
            "version": "==2.4"
        },
        "pefile": {
            "hashes": [
                "sha256:a5d6e8305c6b210849b47a6174ddf9c452b2888340b8177874b862ba6c207645"
            ],
            "version": "==2019.4.18"
        },
        "plumbum": {
            "hashes": [
                "sha256:16b9e19d96c80f2e9d051ef5f04927b834a6ac0ce5d2768eb8662b5cd53e43df",
                "sha256:91418dcc66b58ab9d2e3b04b3d1e0d787dc45923154fb8b4a826bd9316dba0d6"
            ],
            "version": "==1.6.9"
        },
        "progressbar2": {
            "hashes": [
                "sha256:f2892f08628aa9b488b08d5caa1dbe84b45978054a305f6d1924495d76a2e721",
                "sha256:fb71a37a8430f9a52a7ab8dc3d20f63afa3449da533043395f60d0c80c66dab1"
            ],
            "version": "==3.51.0"
        },
        "protobuf": {
            "hashes": [
                "sha256:0bae429443cc4748be2aadfdaf9633297cfaeb24a9a02d0ab15849175ce90fab",
                "sha256:24e3b6ad259544d717902777b33966a1a069208c885576254c112663e6a5bb0f",
                "sha256:310a7aca6e7f257510d0c750364774034272538d51796ca31d42c3925d12a52a",
                "sha256:52e586072612c1eec18e1174f8e3bb19d08f075fc2e3f91d3b16c919078469d0",
                "sha256:73152776dc75f335c476d11d52ec6f0f6925774802cd48d6189f4d5d7fe753f4",
                "sha256:7774bbbaac81d3ba86de646c39f154afc8156717972bf0450c9dbfa1dc8dbea2",
                "sha256:82d7ac987715d8d1eb4068bf997f3053468e0ce0287e2729c30601feb6602fee",
                "sha256:8eb9c93798b904f141d9de36a0ba9f9b73cc382869e67c9e642c0aba53b0fc07",
                "sha256:adf0e4d57b33881d0c63bb11e7f9038f98ee0c3e334c221f0858f826e8fb0151",
                "sha256:c40973a0aee65422d8cb4e7d7cbded95dfeee0199caab54d5ab25b63bce8135a",
                "sha256:c77c974d1dadf246d789f6dad1c24426137c9091e930dbf50e0a29c1fcf00b1f",
                "sha256:dd9aa4401c36785ea1b6fff0552c674bdd1b641319cb07ed1fe2392388e9b0d7",
                "sha256:e11df1ac6905e81b815ab6fd518e79be0a58b5dc427a2cf7208980f30694b956",
                "sha256:e2f8a75261c26b2f5f3442b0525d50fd79a71aeca04b5ec270fc123536188306",
                "sha256:e512b7f3a4dd780f59f1bf22c302740e27b10b5c97e858a6061772668cd6f961",
                "sha256:ef2c2e56aaf9ee914d3dccc3408d42661aaf7d9bb78eaa8f17b2e6282f214481",
                "sha256:fac513a9dc2a74b99abd2e17109b53945e364649ca03d9f7a0b96aa8d1807d0a",
                "sha256:fdfb6ad138dbbf92b5dbea3576d7c8ba7463173f7d2cb0ca1bd336ec88ddbd80"
            ],
            "version": "==3.11.3"
        },
        "psutil": {
            "hashes": [
                "sha256:1413f4158eb50e110777c4f15d7c759521703bd6beb58926f1d562da40180058",
                "sha256:298af2f14b635c3c7118fd9183843f4e73e681bb6f01e12284d4d70d48a60953",
                "sha256:60b86f327c198561f101a92be1995f9ae0399736b6eced8f24af41ec64fb88d4",
                "sha256:685ec16ca14d079455892f25bd124df26ff9137664af445563c1bd36629b5e0e",
                "sha256:73f35ab66c6c7a9ce82ba44b1e9b1050be2a80cd4dcc3352cc108656b115c74f",
                "sha256:75e22717d4dbc7ca529ec5063000b2b294fc9a367f9c9ede1f65846c7955fd38",
                "sha256:a02f4ac50d4a23253b68233b07e7cdb567bd025b982d5cf0ee78296990c22d9e",
                "sha256:d008ddc00c6906ec80040d26dc2d3e3962109e40ad07fd8a12d0284ce5e0e4f8",
                "sha256:d84029b190c8a66a946e28b4d3934d2ca1528ec94764b180f7d6ea57b0e75e26",
                "sha256:e2d0c5b07c6fe5a87fa27b7855017edb0d52ee73b71e6ee368fae268605cc3f5",
                "sha256:f344ca230dd8e8d5eee16827596f1c22ec0876127c28e800d7ae20ed44c4b310"
            ],
            "version": "==5.7.0"
        },
        "pycparser": {
            "hashes": [
                "sha256:2d475327684562c3a96cc71adf7dc8c4f0565175cf86b6d7a404ff4c771f15f0",
                "sha256:7582ad22678f0fcd81102833f60ef8d0e57288b6b5fb00323d101be910e35705"
            ],
            "version": "==2.20"
        },
        "pyelftools": {
            "hashes": [
                "sha256:86ac6cee19f6c945e8dedf78c6ee74f1112bd14da5a658d8c9d4103aed5756a2",
                "sha256:cc0ea0de82b240a73ef4056fce44acbb4727dca7d66759371aff2bad457ed711"
            ],
            "version": "==0.26"
        },
        "pysmt": {
            "hashes": [
                "sha256:2b5ca0560eaacf1720d254f7e1f186fe344e3ea12c72e49036c47af2ab1f81ef"
            ],
            "version": "==0.9.0"
        },
        "python-utils": {
            "hashes": [
                "sha256:ebaadab29d0cb9dca0a82eab9c405f5be5125dbbff35b8f32cc433fa498dbaa7",
                "sha256:f21fc09ff58ea5ebd1fd2e8ef7f63e39d456336900f26bdc9334a03a3f7d8089"
            ],
            "version": "==2.4.0"
        },
        "pyvex": {
            "hashes": [
                "sha256:16d84ffb61d70d735861599d9f8cb21c33a22cbc9852de4acaa6569991a2e1ce",
                "sha256:cd430578cef1f424cd0f698b93dffaa77a881f9f6890a24c0ce92f69657c45f9",
                "sha256:df4faf971290be7067341cbdf7334c6632eae03722c33889e1cbe93afb734a44",
                "sha256:f0a7152e9f78a474bc63a43675a52e84b67e2a30fe941f03c5ba6d213e63bbe8",
                "sha256:fb7c84a7c209856e1dacfdba757cebc6852ccbd930403fc4f2423cb574f26f37"
            ],
            "version": "==8.20.1.7"
        },
        "rpyc": {
            "hashes": [
                "sha256:397bb0d6f73fd20a2aa4f2aa89d2776ea76ba4a3da7c1ba40696d17288b1001b",
                "sha256:6153e1b2746b3cd70c8bf40c5e3353cca21db01067332bdf511e587453e43b53"
            ],
            "version": "==4.1.5"
        },
        "six": {
            "hashes": [
                "sha256:236bdbdce46e6e6a3d61a337c0f8b763ca1e8717c03b369e87a7ec7ce1319c0a",
                "sha256:8f3cd2e254d8f793e7f3d6d9df77b92252b52637291d0f0da013c76ea2724b6c"
            ],
            "version": "==1.14.0"
        },
        "smmap": {
            "hashes": [
                "sha256:52ea78b3e708d2c2b0cfe93b6fc3fbeec53db913345c26be6ed84c11ed8bebc1",
                "sha256:b46d3fc69ba5f367df96d91f8271e8ad667a198d5a28e215a6c3d9acd133a911"
            ],
            "version": "==3.0.2"
        },
        "sortedcontainers": {
            "hashes": [
                "sha256:974e9a32f56b17c1bac2aebd9dcf197f3eb9cd30553c5852a3187ad162e1a03a",
                "sha256:d9e96492dd51fae31e60837736b38fe42a187b5404c16606ff7ee7cd582d4c60"
            ],
            "version": "==2.1.0"
        },
        "unicorn": {
            "hashes": [
                "sha256:2a0a43ebf73da8e79e91e89b4e72ab2413a410167db4dff25008721ec117cda1",
                "sha256:3a8ad7a7f4be7583e77ca2f7f921a26081eb4987a37afbd8c91850eb6a8a673c",
                "sha256:66bada80960b2d7da45408acd10d2ea8fdf2c51781543d4e9401d10480b6a574",
                "sha256:6f25eef8119620d54cf17472be7fbd3566143a72ff5ff5a6e3639171e026ab28",
                "sha256:7e827ac975f5f1ad0022009df22c6af7db7e5229e7878835ee059d4dc16217c4"
            ],
            "version": "==1.0.1"
        },
        "z3-solver": {
            "hashes": [
                "sha256:7e04e1b56a100f4fef79c2f20be0aeb6dac4efc6ab66ba5bac41dbe6820cbd7e",
                "sha256:922158453b235ad6c3d45d9c8ed2b427c65d077d65ddcef3cc65f6a4ac7696ac",
                "sha256:a9bf7b9fab66ca652675bf8d4b67d1a9301a017d1eebe118d05bf7200541b62c",
                "sha256:ecdf7cb3df9661bdc8953a552a7c09e1c0b7f4195e5eeeab8ff90f672490bf3f"
            ],
            "version": "==4.8.7.0"
        }
    },
    "develop": {}
}
